{
  "name": "forage-npm-watcher",
  "version": "1.0.0",
  "lockfileVersion": 2,
  "requires": true,
  "packages": {
    "": {
      "version": "1.0.0",
      "license": "MIT",
      "dependencies": {
        "@npmcorp/changes-stream": "^3.1.1",
        "node-fetch": "^2.6.1"
      }
    },
    "node_modules/@npmcorp/changes-stream": {
      "version": "3.1.1",
      "resolved": "https://registry.npmjs.org/@npmcorp/changes-stream/-/changes-stream-3.1.1.tgz",
      "integrity": "sha512-9QeE6BJ6gpDrLfD+PVeRuninfBaXOJB3BWZV/m4A4EB33MMTNw3kcJx2X4ZWd4+HWICZyPGwhxQvBrC6y3DQng==",
      "dependencies": {
        "back": "^1.0.2",
        "debug": "^4.1.1"
      }
    },
    "node_modules/back": {
      "version": "1.0.2",
      "resolved": "https://registry.npmjs.org/back/-/back-1.0.2.tgz",
      "integrity": "sha1-qT9ebOaXKZhNWQGiuxbjsBpNY2k=",
      "dependencies": {
        "xtend": "^4.0.0"
      },
      "engines": {
        "node": ">=4.x || 0.12.x || 0.10.x || 0.8.x"
      }
    },
    "node_modules/debug": {
      "version": "4.3.1",
      "resolved": "https://registry.npmjs.org/debug/-/debug-4.3.1.tgz",
      "integrity": "sha512-doEwdvm4PCeK4K3RQN2ZC2BYUBaxwLARCqZmMjtF8a51J2Rb0xpVloFRnCODwqjpwnAoao4pelN8l3RJdv3gRQ==",
      "dependencies": {
        "ms": "2.1.2"
      },
      "engines": {
        "node": ">=6.0"
      },
      "peerDependenciesMeta": {
        "supports-color": {
          "optional": true
        }
      }
    },
    "node_modules/ms": {
      "version": "2.1.2",
      "resolved": "https://registry.npmjs.org/ms/-/ms-2.1.2.tgz",
      "integrity": "sha512-sGkPx+VjMtmA6MX27oA4FBFELFCZZ4S4XqeGOXCv68tT+jb3vk/RyaKWP0PTKyWtmLSM0b+adUTEvbs1PEaH2w=="
    },
    "node_modules/node-fetch": {
      "version": "2.6.1",
      "resolved": "https://registry.npmjs.org/node-fetch/-/node-fetch-2.6.1.tgz",
      "integrity": "sha512-V4aYg89jEoVRxRb2fJdAg8FHvI7cEyYdVAh94HH0UIK8oJxUfkjlDQN9RbMx+bEjP7+ggMiFRprSti032Oipxw==",
      "engines": {
        "node": "4.x || >=6.0.0"
      }
    },
    "node_modules/xtend": {
      "version": "4.0.2",
      "resolved": "https://registry.npmjs.org/xtend/-/xtend-4.0.2.tgz",
      "integrity": "sha512-LKYU1iAXJXUgAXn9URjiu+MWhyUXHsvfp7mcuYm9dSUKK0/CjtrUwFAxD82/mCWbtLsGjFIad0wIsod4zrTAEQ==",
      "engines": {
        "node": ">=0.4"
      }
    }
  },
  "dependencies": {
    "@npmcorp/changes-stream": {
      "version": "3.1.1",
      "resolved": "https://registry.npmjs.org/@npmcorp/changes-stream/-/changes-stream-3.1.1.tgz",
      "integrity": "sha512-9QeE6BJ6gpDrLfD+PVeRuninfBaXOJB3BWZV/m4A4EB33MMTNw3kcJx2X4ZWd4+HWICZyPGwhxQvBrC6y3DQng==",
      "requires": {
        "back": "^1.0.2",
        "debug": "^4.1.1"
      }
    },
    "back": {
      "version": "1.0.2",
      "resolved": "https://registry.npmjs.org/back/-/back-1.0.2.tgz",
      "integrity": "sha1-qT9ebOaXKZhNWQGiuxbjsBpNY2k=",
      "requires": {
        "xtend": "^4.0.0"
      }
    },
    "debug": {
      "version": "4.3.1",
      "resolved": "https://registry.npmjs.org/debug/-/debug-4.3.1.tgz",
      "integrity": "sha512-doEwdvm4PCeK4K3RQN2ZC2BYUBaxwLARCqZmMjtF8a51J2Rb0xpVloFRnCODwqjpwnAoao4pelN8l3RJdv3gRQ==",
      "requires": {
        "ms": "2.1.2"
      }
    },
    "ms": {
      "version": "2.1.2",
      "resolved": "https://registry.npmjs.org/ms/-/ms-2.1.2.tgz",
      "integrity": "sha512-sGkPx+VjMtmA6MX27oA4FBFELFCZZ4S4XqeGOXCv68tT+jb3vk/RyaKWP0PTKyWtmLSM0b+adUTEvbs1PEaH2w=="
    },
    "node-fetch": {
      "version": "2.6.1",
      "resolved": "https://registry.npmjs.org/node-fetch/-/node-fetch-2.6.1.tgz",
      "integrity": "sha512-V4aYg89jEoVRxRb2fJdAg8FHvI7cEyYdVAh94HH0UIK8oJxUfkjlDQN9RbMx+bEjP7+ggMiFRprSti032Oipxw=="
    },
    "xtend": {
      "version": "4.0.2",
      "resolved": "https://registry.npmjs.org/xtend/-/xtend-4.0.2.tgz",
      "integrity": "sha512-LKYU1iAXJXUgAXn9URjiu+MWhyUXHsvfp7mcuYm9dSUKK0/CjtrUwFAxD82/mCWbtLsGjFIad0wIsod4zrTAEQ=="
    }
  }
}
